
Microsoft Visual Studio Solution File, Format Version 12.00
# Visual Studio 15
VisualStudioVersion = 15.0.28307.168
MinimumVisualStudioVersion = 10.0.40219.1
Project("{FAE04EC0-301F-11D3-BF4B-00C04F79EFBC}") = "ActEv6", "ActEv6\ActEv6.csproj", "{EF7E16E4-B5A1-4EEF-9ADA-79CBADFADCF7}"
EndProject
Project("{2150E333-8FDC-42A3-9474-1A3956D46DE8}") = "Solution Items", "Solution Items", "{36E122B9-4AE1-459B-870E-5FDAD81B5E89}"
	ProjectSection(SolutionItems) = preProject
		C:\Users\USUARIO\Desktop\AP17 (solucion final)\Clases\ConexionBD.cs = C:\Users\USUARIO\Desktop\AP17 (solucion final)\Clases\ConexionBD.cs
	EndProjectSection
EndProject
Global
	GlobalSection(SolutionConfigurationPlatforms) = preSolution
		Debug|Any CPU = Debug|Any CPU
		Release|Any CPU = Release|Any CPU
	EndGlobalSection
	GlobalSection(ProjectConfigurationPlatforms) = postSolution
		{EF7E16E4-B5A1-4EEF-9ADA-79CBADFADCF7}.Debug|Any CPU.ActiveCfg = Debug|Any CPU
		{EF7E16E4-B5A1-4EEF-9ADA-79CBADFADCF7}.Debug|Any CPU.Build.0 = Debug|Any CPU
		{EF7E16E4-B5A1-4EEF-9ADA-79CBADFADCF7}.Release|Any CPU.ActiveCfg = Release|Any CPU
		{EF7E16E4-B5A1-4EEF-9ADA-79CBADFADCF7}.Release|Any CPU.Build.0 = Release|Any CPU
	EndGlobalSection
	GlobalSection(SolutionProperties) = preSolution
		HideSolutionNode = FALSE
	EndGlobalSection
	GlobalSection(ExtensibilityGlobals) = postSolution
		SolutionGuid = {36C5EA5F-E744-4F79-84F5-6CFC2AC338D5}
	EndGlobalSection
EndGlobal
